
Microsoft Visual Studio Solution File, Format Version 12.00
# Visual Studio 15
VisualStudioVersion = 15.0.28307.902
MinimumVisualStudioVersion = 10.0.40219.1
Project("{F184B08F-C81C-45F6-A57F-5ABD9991F28F}") = "DaydreamsUWP_VB", "DaydreamsUWP_VB\DaydreamsUWP_VB.vbproj", "{A57EA3FC-7599-4574-A3E9-01E76D111BFC}"
EndProject
Global
	GlobalSection(SolutionConfigurationPlatforms) = preSolution
		Debug|ARM = Debug|ARM
		Debug|ARM64 = Debug|ARM64
		Debug|x64 = Debug|x64
		Debug|x86 = Debug|x86
		Release|ARM = Release|ARM
		Release|ARM64 = Release|ARM64
		Release|x64 = Release|x64
		Release|x86 = Release|x86
	EndGlobalSection
	GlobalSection(ProjectConfigurationPlatforms) = postSolution
		{A57EA3FC-7599-4574-A3E9-01E76D111BFC}.Debug|ARM.ActiveCfg = Debug|ARM
		{A57EA3FC-7599-4574-A3E9-01E76D111BFC}.Debug|ARM.Build.0 = Debug|ARM
		{A57EA3FC-7599-4574-A3E9-01E76D111BFC}.Debug|ARM.Deploy.0 = Debug|ARM
		{A57EA3FC-7599-4574-A3E9-01E76D111BFC}.Debug|ARM64.ActiveCfg = Debug|ARM64
		{A57EA3FC-7599-4574-A3E9-01E76D111BFC}.Debug|ARM64.Build.0 = Debug|ARM64
		{A57EA3FC-7599-4574-A3E9-01E76D111BFC}.Debug|ARM64.Deploy.0 = Debug|ARM64
		{A57EA3FC-7599-4574-A3E9-01E76D111BFC}.Debug|x64.ActiveCfg = Debug|x64
		{A57EA3FC-7599-4574-A3E9-01E76D111BFC}.Debug|x64.Build.0 = Debug|x64
		{A57EA3FC-7599-4574-A3E9-01E76D111BFC}.Debug|x64.Deploy.0 = Debug|x64
		{A57EA3FC-7599-4574-A3E9-01E76D111BFC}.Debug|x86.ActiveCfg = Debug|x86
		{A57EA3FC-7599-4574-A3E9-01E76D111BFC}.Debug|x86.Build.0 = Debug|x86
		{A57EA3FC-7599-4574-A3E9-01E76D111BFC}.Debug|x86.Deploy.0 = Debug|x86
		{A57EA3FC-7599-4574-A3E9-01E76D111BFC}.Release|ARM.ActiveCfg = Release|ARM
		{A57EA3FC-7599-4574-A3E9-01E76D111BFC}.Release|ARM.Build.0 = Release|ARM
		{A57EA3FC-7599-4574-A3E9-01E76D111BFC}.Release|ARM.Deploy.0 = Release|ARM
		{A57EA3FC-7599-4574-A3E9-01E76D111BFC}.Release|ARM64.ActiveCfg = Release|ARM64
		{A57EA3FC-7599-4574-A3E9-01E76D111BFC}.Release|ARM64.Build.0 = Release|ARM64
		{A57EA3FC-7599-4574-A3E9-01E76D111BFC}.Release|ARM64.Deploy.0 = Release|ARM64
		{A57EA3FC-7599-4574-A3E9-01E76D111BFC}.Release|x64.ActiveCfg = Release|x64
		{A57EA3FC-7599-4574-A3E9-01E76D111BFC}.Release|x64.Build.0 = Release|x64
		{A57EA3FC-7599-4574-A3E9-01E76D111BFC}.Release|x64.Deploy.0 = Release|x64
		{A57EA3FC-7599-4574-A3E9-01E76D111BFC}.Release|x86.ActiveCfg = Release|x86
		{A57EA3FC-7599-4574-A3E9-01E76D111BFC}.Release|x86.Build.0 = Release|x86
		{A57EA3FC-7599-4574-A3E9-01E76D111BFC}.Release|x86.Deploy.0 = Release|x86
	EndGlobalSection
	GlobalSection(SolutionProperties) = preSolution
		HideSolutionNode = FALSE
	EndGlobalSection
	GlobalSection(ExtensibilityGlobals) = postSolution
		SolutionGuid = {52799E52-8A1E-4321-937E-B3089B7661C9}
	EndGlobalSection
EndGlobal
